
Microsoft Visual Studio Solution File, Format Version 12.00
# Visual Studio 15
VisualStudioVersion = 15.0.28307.489
MinimumVisualStudioVersion = 10.0.40219.1
Project("{FAE04EC0-301F-11D3-BF4B-00C04F79EFBC}") = "RabbitMQ-Processor", "RabbitMQ-Processor\RabbitMQ-Processor.csproj", "{33FAE477-75ED-4153-9EC7-15024E03E8D8}"
EndProject
Global
	GlobalSection(SolutionConfigurationPlatforms) = preSolution
		Debug|Any CPU = Debug|Any CPU
		Release|Any CPU = Release|Any CPU
	EndGlobalSection
	GlobalSection(ProjectConfigurationPlatforms) = postSolution
		{33FAE477-75ED-4153-9EC7-15024E03E8D8}.Debug|Any CPU.ActiveCfg = Debug|Any CPU
		{33FAE477-75ED-4153-9EC7-15024E03E8D8}.Debug|Any CPU.Build.0 = Debug|Any CPU
		{33FAE477-75ED-4153-9EC7-15024E03E8D8}.Release|Any CPU.ActiveCfg = Release|Any CPU
		{33FAE477-75ED-4153-9EC7-15024E03E8D8}.Release|Any CPU.Build.0 = Release|Any CPU
	EndGlobalSection
	GlobalSection(SolutionProperties) = preSolution
		HideSolutionNode = FALSE
	EndGlobalSection
	GlobalSection(ExtensibilityGlobals) = postSolution
		SolutionGuid = {01397F5C-FE03-41DB-ACC5-237C7C421BF9}
	EndGlobalSection
EndGlobal
