
Microsoft Visual Studio Solution File, Format Version 12.00
# Visual Studio 15
VisualStudioVersion = 15.0.28307.489
MinimumVisualStudioVersion = 10.0.40219.1
Project("{FAE04EC0-301F-11D3-BF4B-00C04F79EFBC}") = "RabbitMQ-Consumer", "RabbitMQ-Consumer\RabbitMQ-Consumer.csproj", "{5760375D-40B9-4A56-B0E8-949FD39DC327}"
EndProject
Global
	GlobalSection(SolutionConfigurationPlatforms) = preSolution
		Debug|Any CPU = Debug|Any CPU
		Release|Any CPU = Release|Any CPU
	EndGlobalSection
	GlobalSection(ProjectConfigurationPlatforms) = postSolution
		{5760375D-40B9-4A56-B0E8-949FD39DC327}.Debug|Any CPU.ActiveCfg = Debug|Any CPU
		{5760375D-40B9-4A56-B0E8-949FD39DC327}.Debug|Any CPU.Build.0 = Debug|Any CPU
		{5760375D-40B9-4A56-B0E8-949FD39DC327}.Release|Any CPU.ActiveCfg = Release|Any CPU
		{5760375D-40B9-4A56-B0E8-949FD39DC327}.Release|Any CPU.Build.0 = Release|Any CPU
	EndGlobalSection
	GlobalSection(SolutionProperties) = preSolution
		HideSolutionNode = FALSE
	EndGlobalSection
	GlobalSection(ExtensibilityGlobals) = postSolution
		SolutionGuid = {54EAD2CE-5A53-4105-ADAB-B662B0DE8BE2}
	EndGlobalSection
EndGlobal
